{
  "name": "grecaptcha-loader",
  "version": "0.1.0",
  "lockfileVersion": 2,
  "requires": true,
  "packages": {
    "": {
      "name": "grecaptcha-loader",
      "version": "0.1.0",
      "license": "MIT",
      "devDependencies": {
        "@types/grecaptcha": "^3.0.4"
      }
    },
    "node_modules/@types/grecaptcha": {
      "version": "3.0.4",
      "resolved": "https://registry.npmjs.org/@types/grecaptcha/-/grecaptcha-3.0.4.tgz",
      "integrity": "sha512-7l1Y8DTGXkx/r4pwU1nMVAR+yD/QC+MCHKXAyEX/7JZhwcN1IED09aZ9vCjjkcGdhSQiu/eJqcXInpl6eEEEwg==",
      "dev": true
    }
  },
  "dependencies": {
    "@types/grecaptcha": {
      "version": "3.0.4",
      "resolved": "https://registry.npmjs.org/@types/grecaptcha/-/grecaptcha-3.0.4.tgz",
      "integrity": "sha512-7l1Y8DTGXkx/r4pwU1nMVAR+yD/QC+MCHKXAyEX/7JZhwcN1IED09aZ9vCjjkcGdhSQiu/eJqcXInpl6eEEEwg==",
      "dev": true
    }
  }
}
